# Auto-generated by pin_assigner.py

set_location_assignment PIN_AB28 -to btn[1]
set_instance_assignment -name IO_STANDARD "2.5 V" -to btn[1]

set_location_assignment PIN_AC28 -to btn[0]
set_instance_assignment -name IO_STANDARD "2.5 V" -to btn[0]

set_location_assignment PIN_E21 -to led[3]
set_instance_assignment -name IO_STANDARD "2.5 V" -to led[3]

set_location_assignment PIN_E22 -to led[2]
set_instance_assignment -name IO_STANDARD "2.5 V" -to led[2]

set_location_assignment PIN_E25 -to led[1]
set_instance_assignment -name IO_STANDARD "2.5 V" -to led[1]

set_location_assignment PIN_E24 -to led[0]
set_instance_assignment -name IO_STANDARD "2.5 V" -to led[0]

