# Auto-generated by pin_assigner.py

set_location_assignment PIN_L6 -to lcd_data[7]
set_instance_assignment -name IO_STANDARD "3.3-V LVTTL" -to lcd_data[7]

set_location_assignment PIN_AH17 -to lcd_data[6]
set_instance_assignment -name IO_STANDARD "3.3-V LVTTL" -to lcd_data[6]

set_location_assignment PIN_J15 -to lcd_data[5]
set_instance_assignment -name IO_STANDARD "2.5 V" -to lcd_data[5]

set_location_assignment PIN_G17 -to lcd_data[4]
set_instance_assignment -name IO_STANDARD "2.5 V" -to lcd_data[4]

set_location_assignment PIN_J17 -to lcd_data[3]
set_instance_assignment -name IO_STANDARD "2.5 V" -to lcd_data[3]

set_location_assignment PIN_H19 -to lcd_data[2]
set_instance_assignment -name IO_STANDARD "2.5 V" -to lcd_data[2]

set_location_assignment PIN_J19 -to lcd_data[1]
set_instance_assignment -name IO_STANDARD "2.5 V" -to lcd_data[1]

set_location_assignment PIN_E18 -to lcd_data[0]
set_instance_assignment -name IO_STANDARD "2.5 V" -to lcd_data[0]

