# Auto-generated by pin_assigner.py

set_location_assignment PIN_Y2 -to clk
set_instance_assignment -name IO_STANDARD "3.3-V LVTTL" -to clk

set_location_assignment PIN_R24 -to btn
set_instance_assignment -name IO_STANDARD "2.5 V" -to btn

set_location_assignment PIN_G16 -to led
set_instance_assignment -name IO_STANDARD "2.5 V" -to led

